// !$*UTF8*$!
{
	archiveVersion = 1;
	classes = {
	};
	objectVersion = 50;
	objects = {

/* Begin PBXBuildFile section */
		B1CEF871212E9E470097825B /* AppDelegate.m in Sources */ = {isa = PBXBuildFile; fileRef = B1CEF870212E9E470097825B /* AppDelegate.m */; };
		B1CEF877212E9E470097825B /* Main.storyboard in Resources */ = {isa = PBXBuildFile; fileRef = B1CEF875212E9E470097825B /* Main.storyboard */; };
		B1CEF879212E9E480097825B /* Assets.xcassets in Resources */ = {isa = PBXBuildFile; fileRef = B1CEF878212E9E480097825B /* Assets.xcassets */; };
		B1CEF87C212E9E480097825B /* LaunchScreen.storyboard in Resources */ = {isa = PBXBuildFile; fileRef = B1CEF87A212E9E480097825B /* LaunchScreen.storyboard */; };
		B1CEF87F212E9E480097825B /* main.m in Sources */ = {isa = PBXBuildFile; fileRef = B1CEF87E212E9E480097825B /* main.m */; };
		B1CEF8F3212EA4D90097825B /* UIButton+Spacing.m in Sources */ = {isa = PBXBuildFile; fileRef = B1CEF887212EA4D80097825B /* UIButton+Spacing.m */; };
		B1CEF8F4212EA4D90097825B /* UIViewController+HUD.m in Sources */ = {isa = PBXBuildFile; fileRef = B1CEF889212EA4D80097825B /* UIViewController+HUD.m */; };
		B1CEF8F5212EA4D90097825B /* UIDevice+System.m in Sources */ = {isa = PBXBuildFile; fileRef = B1CEF88A212EA4D80097825B /* UIDevice+System.m */; };
		B1CEF8F6212EA4D90097825B /* UIColor+Hex.m in Sources */ = {isa = PBXBuildFile; fileRef = B1CEF88C212EA4D80097825B /* UIColor+Hex.m */; };
		B1CEF8F7212EA4D90097825B /* UIColor+ImageAdditions.m in Sources */ = {isa = PBXBuildFile; fileRef = B1CEF88D212EA4D80097825B /* UIColor+ImageAdditions.m */; };
		B1CEF8F8212EA4D90097825B /* UIView+Frame.m in Sources */ = {isa = PBXBuildFile; fileRef = B1CEF88E212EA4D80097825B /* UIView+Frame.m */; };
		B1CEF8FA212EA4D90097825B /* UILabel+InitLabel.m in Sources */ = {isa = PBXBuildFile; fileRef = B1CEF890212EA4D80097825B /* UILabel+InitLabel.m */; };
		B1CEF8FB212EA4D90097825B /* UIViewController+SelectImage.m in Sources */ = {isa = PBXBuildFile; fileRef = B1CEF891212EA4D80097825B /* UIViewController+SelectImage.m */; };
		B1CEF8FC212EA4D90097825B /* UIViewController+BackButtonHandler.m in Sources */ = {isa = PBXBuildFile; fileRef = B1CEF896212EA4D80097825B /* UIViewController+BackButtonHandler.m */; };
		B1CEF8FD212EA4D90097825B /* NSObject+BOOLBanAllExpressions.m in Sources */ = {isa = PBXBuildFile; fileRef = B1CEF898212EA4D80097825B /* NSObject+BOOLBanAllExpressions.m */; };
		B1CEF8FE212EA4D90097825B /* UIViewController+Category.m in Sources */ = {isa = PBXBuildFile; fileRef = B1CEF89C212EA4D80097825B /* UIViewController+Category.m */; };
		B1CEF8FF212EA4D90097825B /* NSDictionary+Category.m in Sources */ = {isa = PBXBuildFile; fileRef = B1CEF89E212EA4D80097825B /* NSDictionary+Category.m */; };
		B1CEF901212EA4D90097825B /* NSObject+SystemPermissions.m in Sources */ = {isa = PBXBuildFile; fileRef = B1CEF8A5212EA4D80097825B /* NSObject+SystemPermissions.m */; };
		B1CEF902212EA4D90097825B /* UIImage+fixOrientation.m in Sources */ = {isa = PBXBuildFile; fileRef = B1CEF8A6212EA4D80097825B /* UIImage+fixOrientation.m */; };
		B1CEF903212EA4D90097825B /* UIViewController+Swizzling.m in Sources */ = {isa = PBXBuildFile; fileRef = B1CEF8A8212EA4D80097825B /* UIViewController+Swizzling.m */; };
		B1CEF904212EA4D90097825B /* UIResponder+FirstResponder.m in Sources */ = {isa = PBXBuildFile; fileRef = B1CEF8A9212EA4D80097825B /* UIResponder+FirstResponder.m */; };
		B1CEF905212EA4D90097825B /* ImageResource.bundle in Resources */ = {isa = PBXBuildFile; fileRef = B1CEF8B3212EA4D80097825B /* ImageResource.bundle */; };
		B1CEF906212EA4D90097825B /* CommonWebViewController.m in Sources */ = {isa = PBXBuildFile; fileRef = B1CEF8B7212EA4D80097825B /* CommonWebViewController.m */; };
		B1CEF907212EA4D90097825B /* JFCommonTableDelegate.m in Sources */ = {isa = PBXBuildFile; fileRef = B1CEF8BB212EA4D80097825B /* JFCommonTableDelegate.m */; };
		B1CEF908212EA4D90097825B /* JFCommonLocalTableData.m in Sources */ = {isa = PBXBuildFile; fileRef = B1CEF8BC212EA4D80097825B /* JFCommonLocalTableData.m */; };
		B1CEF909212EA4D90097825B /* JFNetCommonTableData.m in Sources */ = {isa = PBXBuildFile; fileRef = B1CEF8C0212EA4D80097825B /* JFNetCommonTableData.m */; };
		B1CEF90A212EA4D90097825B /* JFEventModel.m in Sources */ = {isa = PBXBuildFile; fileRef = B1CEF8C1212EA4D80097825B /* JFEventModel.m */; };
		B1CEF90B212EA4D90097825B /* CommonTableViewCell.m in Sources */ = {isa = PBXBuildFile; fileRef = B1CEF8C9212EA4D80097825B /* CommonTableViewCell.m */; };
		B1CEF90C212EA4D90097825B /* RequestAPI.m in Sources */ = {isa = PBXBuildFile; fileRef = B1CEF8CD212EA4D80097825B /* RequestAPI.m */; };
		B1CEF90D212EA4D90097825B /* NetWorkRequestManager.m in Sources */ = {isa = PBXBuildFile; fileRef = B1CEF8CE212EA4D80097825B /* NetWorkRequestManager.m */; };
		B1CEF90E212EA4D90097825B /* MMAlertView.m in Sources */ = {isa = PBXBuildFile; fileRef = B1CEF8D2212EA4D80097825B /* MMAlertView.m */; };
		B1CEF90F212EA4D90097825B /* MMSheetView.m in Sources */ = {isa = PBXBuildFile; fileRef = B1CEF8D3212EA4D80097825B /* MMSheetView.m */; };
		B1CEF910212EA4D90097825B /* MMPopupCategory.m in Sources */ = {isa = PBXBuildFile; fileRef = B1CEF8D5212EA4D80097825B /* MMPopupCategory.m */; };
		B1CEF911212EA4D90097825B /* MMPopupWindow.m in Sources */ = {isa = PBXBuildFile; fileRef = B1CEF8D7212EA4D80097825B /* MMPopupWindow.m */; };
		B1CEF912212EA4D90097825B /* MMViewController.m in Sources */ = {isa = PBXBuildFile; fileRef = B1CEF8D8212EA4D80097825B /* MMViewController.m */; };
		B1CEF913212EA4D90097825B /* MMPopupView.m in Sources */ = {isa = PBXBuildFile; fileRef = B1CEF8DC212EA4D80097825B /* MMPopupView.m */; };
		B1CEF914212EA4D90097825B /* MMPopupItem.m in Sources */ = {isa = PBXBuildFile; fileRef = B1CEF8DF212EA4D80097825B /* MMPopupItem.m */; };
		B1CEF915212EA4D90097825B /* SDCycleScrollView.m in Sources */ = {isa = PBXBuildFile; fileRef = B1CEF8E4212EA4D80097825B /* SDCycleScrollView.m */; };
		B1CEF916212EA4D90097825B /* UIView+SDExtension.m in Sources */ = {isa = PBXBuildFile; fileRef = B1CEF8E5212EA4D80097825B /* UIView+SDExtension.m */; };
		B1CEF917212EA4D90097825B /* SDCollectionViewCell.m in Sources */ = {isa = PBXBuildFile; fileRef = B1CEF8E6212EA4D80097825B /* SDCollectionViewCell.m */; };
		B1CEF918212EA4D90097825B /* TADotView.m in Sources */ = {isa = PBXBuildFile; fileRef = B1CEF8E9212EA4D80097825B /* TADotView.m */; };
		B1CEF919212EA4D90097825B /* TAPageControl.m in Sources */ = {isa = PBXBuildFile; fileRef = B1CEF8EA212EA4D80097825B /* TAPageControl.m */; };
		B1CEF91A212EA4D90097825B /* TAAnimatedDotView.m in Sources */ = {isa = PBXBuildFile; fileRef = B1CEF8EB212EA4D80097825B /* TAAnimatedDotView.m */; };
		B1CEF91B212EA4D90097825B /* TAAbstractDotView.m in Sources */ = {isa = PBXBuildFile; fileRef = B1CEF8EC212EA4D80097825B /* TAAbstractDotView.m */; };
		B1CEF91C212EA4D90097825B /* AccountTool.m in Sources */ = {isa = PBXBuildFile; fileRef = B1CEF8F2212EA4D80097825B /* AccountTool.m */; };
		B476BD55B7013F0076F3A33E /* libPods-MVPStudy.a in Frameworks */ = {isa = PBXBuildFile; fileRef = 71AD0E8A45FAB307D1559D1C /* libPods-MVPStudy.a */; };
/* End PBXBuildFile section */

/* Begin PBXFileReference section */
		71AD0E8A45FAB307D1559D1C /* libPods-MVPStudy.a */ = {isa = PBXFileReference; explicitFileType = archive.ar; includeInIndex = 0; path = "libPods-MVPStudy.a"; sourceTree = BUILT_PRODUCTS_DIR; };
		A88F7C9633E3FB3344ABAB38 /* Pods-MVPStudy.release.xcconfig */ = {isa = PBXFileReference; includeInIndex = 1; lastKnownFileType = text.xcconfig; name = "Pods-MVPStudy.release.xcconfig"; path = "Pods/Target Support Files/Pods-MVPStudy/Pods-MVPStudy.release.xcconfig"; sourceTree = "<group>"; };
		B1CEF86C212E9E470097825B /* MVPStudy.app */ = {isa = PBXFileReference; explicitFileType = wrapper.application; includeInIndex = 0; path = MVPStudy.app; sourceTree = BUILT_PRODUCTS_DIR; };
		B1CEF86F212E9E470097825B /* AppDelegate.h */ = {isa = PBXFileReference; lastKnownFileType = sourcecode.c.h; path = AppDelegate.h; sourceTree = "<group>"; };
		B1CEF870212E9E470097825B /* AppDelegate.m */ = {isa = PBXFileReference; lastKnownFileType = sourcecode.c.objc; path = AppDelegate.m; sourceTree = "<group>"; };
		B1CEF876212E9E470097825B /* Base */ = {isa = PBXFileReference; lastKnownFileType = file.storyboard; name = Base; path = Base.lproj/Main.storyboard; sourceTree = "<group>"; };
		B1CEF878212E9E480097825B /* Assets.xcassets */ = {isa = PBXFileReference; lastKnownFileType = folder.assetcatalog; path = Assets.xcassets; sourceTree = "<group>"; };
		B1CEF87B212E9E480097825B /* Base */ = {isa = PBXFileReference; lastKnownFileType = file.storyboard; name = Base; path = Base.lproj/LaunchScreen.storyboard; sourceTree = "<group>"; };
		B1CEF87D212E9E480097825B /* Info.plist */ = {isa = PBXFileReference; lastKnownFileType = text.plist.xml; path = Info.plist; sourceTree = "<group>"; };
		B1CEF87E212E9E480097825B /* main.m */ = {isa = PBXFileReference; lastKnownFileType = sourcecode.c.objc; path = main.m; sourceTree = "<group>"; };
		B1CEF887212EA4D80097825B /* UIButton+Spacing.m */ = {isa = PBXFileReference; fileEncoding = 4; lastKnownFileType = sourcecode.c.objc; path = "UIButton+Spacing.m"; sourceTree = "<group>"; };
		B1CEF888212EA4D80097825B /* NSObject+BOOLBanAllExpressions.h */ = {isa = PBXFileReference; fileEncoding = 4; lastKnownFileType = sourcecode.c.h; path = "NSObject+BOOLBanAllExpressions.h"; sourceTree = "<group>"; };
		B1CEF889212EA4D80097825B /* UIViewController+HUD.m */ = {isa = PBXFileReference; fileEncoding = 4; lastKnownFileType = sourcecode.c.objc; path = "UIViewController+HUD.m"; sourceTree = "<group>"; };
		B1CEF88A212EA4D80097825B /* UIDevice+System.m */ = {isa = PBXFileReference; fileEncoding = 4; lastKnownFileType = sourcecode.c.objc; path = "UIDevice+System.m"; sourceTree = "<group>"; };
		B1CEF88B212EA4D80097825B /* UIViewController+Category.h */ = {isa = PBXFileReference; fileEncoding = 4; lastKnownFileType = sourcecode.c.h; path = "UIViewController+Category.h"; sourceTree = "<group>"; };
		B1CEF88C212EA4D80097825B /* UIColor+Hex.m */ = {isa = PBXFileReference; fileEncoding = 4; lastKnownFileType = sourcecode.c.objc; path = "UIColor+Hex.m"; sourceTree = "<group>"; };
		B1CEF88D212EA4D80097825B /* UIColor+ImageAdditions.m */ = {isa = PBXFileReference; fileEncoding = 4; lastKnownFileType = sourcecode.c.objc; path = "UIColor+ImageAdditions.m"; sourceTree = "<group>"; };
		B1CEF88E212EA4D80097825B /* UIView+Frame.m */ = {isa = PBXFileReference; fileEncoding = 4; lastKnownFileType = sourcecode.c.objc; path = "UIView+Frame.m"; sourceTree = "<group>"; };
		B1CEF890212EA4D80097825B /* UILabel+InitLabel.m */ = {isa = PBXFileReference; fileEncoding = 4; lastKnownFileType = sourcecode.c.objc; path = "UILabel+InitLabel.m"; sourceTree = "<group>"; };
		B1CEF891212EA4D80097825B /* UIViewController+SelectImage.m */ = {isa = PBXFileReference; fileEncoding = 4; lastKnownFileType = sourcecode.c.objc; path = "UIViewController+SelectImage.m"; sourceTree = "<group>"; };
		B1CEF893212EA4D80097825B /* NSDictionary+Category.h */ = {isa = PBXFileReference; fileEncoding = 4; lastKnownFileType = sourcecode.c.h; path = "NSDictionary+Category.h"; sourceTree = "<group>"; };
		B1CEF894212EA4D80097825B /* NSObject+SystemPermissions.h */ = {isa = PBXFileReference; fileEncoding = 4; lastKnownFileType = sourcecode.c.h; path = "NSObject+SystemPermissions.h"; sourceTree = "<group>"; };
		B1CEF895212EA4D80097825B /* UIImage+fixOrientation.h */ = {isa = PBXFileReference; fileEncoding = 4; lastKnownFileType = sourcecode.c.h; path = "UIImage+fixOrientation.h"; sourceTree = "<group>"; };
		B1CEF896212EA4D80097825B /* UIViewController+BackButtonHandler.m */ = {isa = PBXFileReference; fileEncoding = 4; lastKnownFileType = sourcecode.c.objc; path = "UIViewController+BackButtonHandler.m"; sourceTree = "<group>"; };
		B1CEF897212EA4D80097825B /* UIViewController+HUD.h */ = {isa = PBXFileReference; fileEncoding = 4; lastKnownFileType = sourcecode.c.h; path = "UIViewController+HUD.h"; sourceTree = "<group>"; };
		B1CEF898212EA4D80097825B /* NSObject+BOOLBanAllExpressions.m */ = {isa = PBXFileReference; fileEncoding = 4; lastKnownFileType = sourcecode.c.objc; path = "NSObject+BOOLBanAllExpressions.m"; sourceTree = "<group>"; };
		B1CEF899212EA4D80097825B /* UIButton+Spacing.h */ = {isa = PBXFileReference; fileEncoding = 4; lastKnownFileType = sourcecode.c.h; path = "UIButton+Spacing.h"; sourceTree = "<group>"; };
		B1CEF89A212EA4D80097825B /* UIColor+ImageAdditions.h */ = {isa = PBXFileReference; fileEncoding = 4; lastKnownFileType = sourcecode.c.h; path = "UIColor+ImageAdditions.h"; sourceTree = "<group>"; };
		B1CEF89B212EA4D80097825B /* UIColor+Hex.h */ = {isa = PBXFileReference; fileEncoding = 4; lastKnownFileType = sourcecode.c.h; path = "UIColor+Hex.h"; sourceTree = "<group>"; };
		B1CEF89C212EA4D80097825B /* UIViewController+Category.m */ = {isa = PBXFileReference; fileEncoding = 4; lastKnownFileType = sourcecode.c.objc; path = "UIViewController+Category.m"; sourceTree = "<group>"; };
		B1CEF89D212EA4D80097825B /* UIDevice+System.h */ = {isa = PBXFileReference; fileEncoding = 4; lastKnownFileType = sourcecode.c.h; path = "UIDevice+System.h"; sourceTree = "<group>"; };
		B1CEF89E212EA4D80097825B /* NSDictionary+Category.m */ = {isa = PBXFileReference; fileEncoding = 4; lastKnownFileType = sourcecode.c.objc; path = "NSDictionary+Category.m"; sourceTree = "<group>"; };
		B1CEF8A0212EA4D80097825B /* UIViewController+SelectImage.h */ = {isa = PBXFileReference; fileEncoding = 4; lastKnownFileType = sourcecode.c.h; path = "UIViewController+SelectImage.h"; sourceTree = "<group>"; };
		B1CEF8A1212EA4D80097825B /* UILabel+InitLabel.h */ = {isa = PBXFileReference; fileEncoding = 4; lastKnownFileType = sourcecode.c.h; path = "UILabel+InitLabel.h"; sourceTree = "<group>"; };
		B1CEF8A3212EA4D80097825B /* UIView+Frame.h */ = {isa = PBXFileReference; fileEncoding = 4; lastKnownFileType = sourcecode.c.h; path = "UIView+Frame.h"; sourceTree = "<group>"; };
		B1CEF8A4212EA4D80097825B /* UIViewController+BackButtonHandler.h */ = {isa = PBXFileReference; fileEncoding = 4; lastKnownFileType = sourcecode.c.h; path = "UIViewController+BackButtonHandler.h"; sourceTree = "<group>"; };
		B1CEF8A5212EA4D80097825B /* NSObject+SystemPermissions.m */ = {isa = PBXFileReference; fileEncoding = 4; lastKnownFileType = sourcecode.c.objc; path = "NSObject+SystemPermissions.m"; sourceTree = "<group>"; };
		B1CEF8A6212EA4D80097825B /* UIImage+fixOrientation.m */ = {isa = PBXFileReference; fileEncoding = 4; lastKnownFileType = sourcecode.c.objc; path = "UIImage+fixOrientation.m"; sourceTree = "<group>"; };
		B1CEF8A8212EA4D80097825B /* UIViewController+Swizzling.m */ = {isa = PBXFileReference; fileEncoding = 4; lastKnownFileType = sourcecode.c.objc; path = "UIViewController+Swizzling.m"; sourceTree = "<group>"; };
		B1CEF8A9212EA4D80097825B /* UIResponder+FirstResponder.m */ = {isa = PBXFileReference; fileEncoding = 4; lastKnownFileType = sourcecode.c.objc; path = "UIResponder+FirstResponder.m"; sourceTree = "<group>"; };
		B1CEF8AA212EA4D80097825B /* UIResponder+FirstResponder.h */ = {isa = PBXFileReference; fileEncoding = 4; lastKnownFileType = sourcecode.c.h; path = "UIResponder+FirstResponder.h"; sourceTree = "<group>"; };
		B1CEF8AB212EA4D80097825B /* SwizzlingDefine.h */ = {isa = PBXFileReference; fileEncoding = 4; lastKnownFileType = sourcecode.c.h; path = SwizzlingDefine.h; sourceTree = "<group>"; };
		B1CEF8AC212EA4D80097825B /* UIViewController+Swizzling.h */ = {isa = PBXFileReference; fileEncoding = 4; lastKnownFileType = sourcecode.c.h; path = "UIViewController+Swizzling.h"; sourceTree = "<group>"; };
		B1CEF8AE212EA4D80097825B /* Config.h */ = {isa = PBXFileReference; fileEncoding = 4; lastKnownFileType = sourcecode.c.h; path = Config.h; sourceTree = "<group>"; };
		B1CEF8AF212EA4D80097825B /* HttpUrls.h */ = {isa = PBXFileReference; fileEncoding = 4; lastKnownFileType = sourcecode.c.h; path = HttpUrls.h; sourceTree = "<group>"; };
		B1CEF8B0212EA4D80097825B /* Customer-Prefix.pch */ = {isa = PBXFileReference; fileEncoding = 4; lastKnownFileType = sourcecode.c.h; path = "Customer-Prefix.pch"; sourceTree = "<group>"; };
		B1CEF8B1212EA4D80097825B /* JFMacro.h */ = {isa = PBXFileReference; fileEncoding = 4; lastKnownFileType = sourcecode.c.h; path = JFMacro.h; sourceTree = "<group>"; };
		B1CEF8B3212EA4D80097825B /* ImageResource.bundle */ = {isa = PBXFileReference; lastKnownFileType = "wrapper.plug-in"; path = ImageResource.bundle; sourceTree = "<group>"; };
		B1CEF8B7212EA4D80097825B /* CommonWebViewController.m */ = {isa = PBXFileReference; fileEncoding = 4; lastKnownFileType = sourcecode.c.objc; path = CommonWebViewController.m; sourceTree = "<group>"; };
		B1CEF8B8212EA4D80097825B /* CommonWebViewController.h */ = {isa = PBXFileReference; fileEncoding = 4; lastKnownFileType = sourcecode.c.h; path = CommonWebViewController.h; sourceTree = "<group>"; };
		B1CEF8BA212EA4D80097825B /* JFNetCommonTableData.h */ = {isa = PBXFileReference; fileEncoding = 4; lastKnownFileType = sourcecode.c.h; path = JFNetCommonTableData.h; sourceTree = "<group>"; };
		B1CEF8BB212EA4D80097825B /* JFCommonTableDelegate.m */ = {isa = PBXFileReference; fileEncoding = 4; lastKnownFileType = sourcecode.c.objc; path = JFCommonTableDelegate.m; sourceTree = "<group>"; };
		B1CEF8BC212EA4D80097825B /* JFCommonLocalTableData.m */ = {isa = PBXFileReference; fileEncoding = 4; lastKnownFileType = sourcecode.c.objc; path = JFCommonLocalTableData.m; sourceTree = "<group>"; };
		B1CEF8BD212EA4D80097825B /* JFEventModel.h */ = {isa = PBXFileReference; fileEncoding = 4; lastKnownFileType = sourcecode.c.h; path = JFEventModel.h; sourceTree = "<group>"; };
		B1CEF8BE212EA4D80097825B /* JFCommonLocalTableData.h */ = {isa = PBXFileReference; fileEncoding = 4; lastKnownFileType = sourcecode.c.h; path = JFCommonLocalTableData.h; sourceTree = "<group>"; };
		B1CEF8BF212EA4D80097825B /* JFCommonTableDelegate.h */ = {isa = PBXFileReference; fileEncoding = 4; lastKnownFileType = sourcecode.c.h; path = JFCommonTableDelegate.h; sourceTree = "<group>"; };
		B1CEF8C0212EA4D80097825B /* JFNetCommonTableData.m */ = {isa = PBXFileReference; fileEncoding = 4; lastKnownFileType = sourcecode.c.objc; path = JFNetCommonTableData.m; sourceTree = "<group>"; };
		B1CEF8C1212EA4D80097825B /* JFEventModel.m */ = {isa = PBXFileReference; fileEncoding = 4; lastKnownFileType = sourcecode.c.objc; path = JFEventModel.m; sourceTree = "<group>"; };
		B1CEF8C3212EA4D80097825B /* JFCommonViewController.h */ = {isa = PBXFileReference; fileEncoding = 4; lastKnownFileType = sourcecode.c.h; path = JFCommonViewController.h; sourceTree = "<group>"; };
		B1CEF8C4212EA4D80097825B /* JFCommonTableData.h */ = {isa = PBXFileReference; fileEncoding = 4; lastKnownFileType = sourcecode.c.h; path = JFCommonTableData.h; sourceTree = "<group>"; };
		B1CEF8C5212EA4D80097825B /* JFCommonViewModel.h */ = {isa = PBXFileReference; fileEncoding = 4; lastKnownFileType = sourcecode.c.h; path = JFCommonViewModel.h; sourceTree = "<group>"; };
		B1CEF8C6212EA4D80097825B /* JFCommonTableViewCell.h */ = {isa = PBXFileReference; fileEncoding = 4; lastKnownFileType = sourcecode.c.h; path = JFCommonTableViewCell.h; sourceTree = "<group>"; };
		B1CEF8C8212EA4D80097825B /* CommonTableViewCell.h */ = {isa = PBXFileReference; fileEncoding = 4; lastKnownFileType = sourcecode.c.h; path = CommonTableViewCell.h; sourceTree = "<group>"; };
		B1CEF8C9212EA4D80097825B /* CommonTableViewCell.m */ = {isa = PBXFileReference; fileEncoding = 4; lastKnownFileType = sourcecode.c.objc; path = CommonTableViewCell.m; sourceTree = "<group>"; };
		B1CEF8CB212EA4D80097825B /* NetWorkRequestManager.h */ = {isa = PBXFileReference; fileEncoding = 4; lastKnownFileType = sourcecode.c.h; path = NetWorkRequestManager.h; sourceTree = "<group>"; };
		B1CEF8CC212EA4D80097825B /* RequestAPI.h */ = {isa = PBXFileReference; fileEncoding = 4; lastKnownFileType = sourcecode.c.h; path = RequestAPI.h; sourceTree = "<group>"; };
		B1CEF8CD212EA4D80097825B /* RequestAPI.m */ = {isa = PBXFileReference; fileEncoding = 4; lastKnownFileType = sourcecode.c.objc; path = RequestAPI.m; sourceTree = "<group>"; };
		B1CEF8CE212EA4D80097825B /* NetWorkRequestManager.m */ = {isa = PBXFileReference; fileEncoding = 4; lastKnownFileType = sourcecode.c.objc; path = NetWorkRequestManager.m; sourceTree = "<group>"; };
		B1CEF8D1212EA4D80097825B /* MMViewController.h */ = {isa = PBXFileReference; fileEncoding = 4; lastKnownFileType = sourcecode.c.h; path = MMViewController.h; sourceTree = "<group>"; };
		B1CEF8D2212EA4D80097825B /* MMAlertView.m */ = {isa = PBXFileReference; fileEncoding = 4; lastKnownFileType = sourcecode.c.objc; path = MMAlertView.m; sourceTree = "<group>"; };
		B1CEF8D3212EA4D80097825B /* MMSheetView.m */ = {isa = PBXFileReference; fileEncoding = 4; lastKnownFileType = sourcecode.c.objc; path = MMSheetView.m; sourceTree = "<group>"; };
		B1CEF8D4212EA4D80097825B /* MMPopupView.h */ = {isa = PBXFileReference; fileEncoding = 4; lastKnownFileType = sourcecode.c.h; path = MMPopupView.h; sourceTree = "<group>"; };
		B1CEF8D5212EA4D80097825B /* MMPopupCategory.m */ = {isa = PBXFileReference; fileEncoding = 4; lastKnownFileType = sourcecode.c.objc; path = MMPopupCategory.m; sourceTree = "<group>"; };
		B1CEF8D6212EA4D80097825B /* MMPopupItem.h */ = {isa = PBXFileReference; fileEncoding = 4; lastKnownFileType = sourcecode.c.h; path = MMPopupItem.h; sourceTree = "<group>"; };
		B1CEF8D7212EA4D80097825B /* MMPopupWindow.m */ = {isa = PBXFileReference; fileEncoding = 4; lastKnownFileType = sourcecode.c.objc; path = MMPopupWindow.m; sourceTree = "<group>"; };
		B1CEF8D8212EA4D80097825B /* MMViewController.m */ = {isa = PBXFileReference; fileEncoding = 4; lastKnownFileType = sourcecode.c.objc; path = MMViewController.m; sourceTree = "<group>"; };
		B1CEF8D9212EA4D80097825B /* MMSheetView.h */ = {isa = PBXFileReference; fileEncoding = 4; lastKnownFileType = sourcecode.c.h; path = MMSheetView.h; sourceTree = "<group>"; };
		B1CEF8DA212EA4D80097825B /* MMPopupDefine.h */ = {isa = PBXFileReference; fileEncoding = 4; lastKnownFileType = sourcecode.c.h; path = MMPopupDefine.h; sourceTree = "<group>"; };
		B1CEF8DB212EA4D80097825B /* MMAlertView.h */ = {isa = PBXFileReference; fileEncoding = 4; lastKnownFileType = sourcecode.c.h; path = MMAlertView.h; sourceTree = "<group>"; };
		B1CEF8DC212EA4D80097825B /* MMPopupView.m */ = {isa = PBXFileReference; fileEncoding = 4; lastKnownFileType = sourcecode.c.objc; path = MMPopupView.m; sourceTree = "<group>"; };
		B1CEF8DD212EA4D80097825B /* MMPopupWindow.h */ = {isa = PBXFileReference; fileEncoding = 4; lastKnownFileType = sourcecode.c.h; path = MMPopupWindow.h; sourceTree = "<group>"; };
		B1CEF8DE212EA4D80097825B /* MMPopupCategory.h */ = {isa = PBXFileReference; fileEncoding = 4; lastKnownFileType = sourcecode.c.h; path = MMPopupCategory.h; sourceTree = "<group>"; };
		B1CEF8DF212EA4D80097825B /* MMPopupItem.m */ = {isa = PBXFileReference; fileEncoding = 4; lastKnownFileType = sourcecode.c.objc; path = MMPopupItem.m; sourceTree = "<group>"; };
		B1CEF8E1212EA4D80097825B /* UIView+SDExtension.h */ = {isa = PBXFileReference; fileEncoding = 4; lastKnownFileType = sourcecode.c.h; path = "UIView+SDExtension.h"; sourceTree = "<group>"; };
		B1CEF8E2212EA4D80097825B /* SDCycleScrollView.h */ = {isa = PBXFileReference; fileEncoding = 4; lastKnownFileType = sourcecode.c.h; path = SDCycleScrollView.h; sourceTree = "<group>"; };
		B1CEF8E3212EA4D80097825B /* SDCollectionViewCell.h */ = {isa = PBXFileReference; fileEncoding = 4; lastKnownFileType = sourcecode.c.h; path = SDCollectionViewCell.h; sourceTree = "<group>"; };
		B1CEF8E4212EA4D80097825B /* SDCycleScrollView.m */ = {isa = PBXFileReference; fileEncoding = 4; lastKnownFileType = sourcecode.c.objc; path = SDCycleScrollView.m; sourceTree = "<group>"; };
		B1CEF8E5212EA4D80097825B /* UIView+SDExtension.m */ = {isa = PBXFileReference; fileEncoding = 4; lastKnownFileType = sourcecode.c.objc; path = "UIView+SDExtension.m"; sourceTree = "<group>"; };
		B1CEF8E6212EA4D80097825B /* SDCollectionViewCell.m */ = {isa = PBXFileReference; fileEncoding = 4; lastKnownFileType = sourcecode.c.objc; path = SDCollectionViewCell.m; sourceTree = "<group>"; };
		B1CEF8E8212EA4D80097825B /* TAAbstractDotView.h */ = {isa = PBXFileReference; fileEncoding = 4; lastKnownFileType = sourcecode.c.h; path = TAAbstractDotView.h; sourceTree = "<group>"; };
		B1CEF8E9212EA4D80097825B /* TADotView.m */ = {isa = PBXFileReference; fileEncoding = 4; lastKnownFileType = sourcecode.c.objc; path = TADotView.m; sourceTree = "<group>"; };
		B1CEF8EA212EA4D80097825B /* TAPageControl.m */ = {isa = PBXFileReference; fileEncoding = 4; lastKnownFileType = sourcecode.c.objc; path = TAPageControl.m; sourceTree = "<group>"; };
		B1CEF8EB212EA4D80097825B /* TAAnimatedDotView.m */ = {isa = PBXFileReference; fileEncoding = 4; lastKnownFileType = sourcecode.c.objc; path = TAAnimatedDotView.m; sourceTree = "<group>"; };
		B1CEF8EC212EA4D80097825B /* TAAbstractDotView.m */ = {isa = PBXFileReference; fileEncoding = 4; lastKnownFileType = sourcecode.c.objc; path = TAAbstractDotView.m; sourceTree = "<group>"; };
		B1CEF8ED212EA4D80097825B /* TADotView.h */ = {isa = PBXFileReference; fileEncoding = 4; lastKnownFileType = sourcecode.c.h; path = TADotView.h; sourceTree = "<group>"; };
		B1CEF8EE212EA4D80097825B /* TAAnimatedDotView.h */ = {isa = PBXFileReference; fileEncoding = 4; lastKnownFileType = sourcecode.c.h; path = TAAnimatedDotView.h; sourceTree = "<group>"; };
		B1CEF8EF212EA4D80097825B /* TAPageControl.h */ = {isa = PBXFileReference; fileEncoding = 4; lastKnownFileType = sourcecode.c.h; path = TAPageControl.h; sourceTree = "<group>"; };
		B1CEF8F1212EA4D80097825B /* AccountTool.h */ = {isa = PBXFileReference; fileEncoding = 4; lastKnownFileType = sourcecode.c.h; path = AccountTool.h; sourceTree = "<group>"; };
		B1CEF8F2212EA4D80097825B /* AccountTool.m */ = {isa = PBXFileReference; fileEncoding = 4; lastKnownFileType = sourcecode.c.objc; path = AccountTool.m; sourceTree = "<group>"; };
		D77B2C613E0CE2A872076E2C /* Pods-MVPStudy.debug.xcconfig */ = {isa = PBXFileReference; includeInIndex = 1; lastKnownFileType = text.xcconfig; name = "Pods-MVPStudy.debug.xcconfig"; path = "Pods/Target Support Files/Pods-MVPStudy/Pods-MVPStudy.debug.xcconfig"; sourceTree = "<group>"; };
/* End PBXFileReference section */

/* Begin PBXFrameworksBuildPhase section */
		B1CEF869212E9E470097825B /* Frameworks */ = {
			isa = PBXFrameworksBuildPhase;
			buildActionMask = 2147483647;
			files = (
				B476BD55B7013F0076F3A33E /* libPods-MVPStudy.a in Frameworks */,
			);
			runOnlyForDeploymentPostprocessing = 0;
		};
/* End PBXFrameworksBuildPhase section */

/* Begin PBXGroup section */
		38C07C942D0E2FCB622FA58E /* Frameworks */ = {
			isa = PBXGroup;
			children = (
				71AD0E8A45FAB307D1559D1C /* libPods-MVPStudy.a */,
			);
			name = Frameworks;
			sourceTree = "<group>";
		};
		A094E71C5C0007D1C855D964 /* Pods */ = {
			isa = PBXGroup;
			children = (
				D77B2C613E0CE2A872076E2C /* Pods-MVPStudy.debug.xcconfig */,
				A88F7C9633E3FB3344ABAB38 /* Pods-MVPStudy.release.xcconfig */,
			);
			name = Pods;
			sourceTree = "<group>";
		};
		B1CEF863212E9E470097825B = {
			isa = PBXGroup;
			children = (
				B1CEF86E212E9E470097825B /* MVPStudy */,
				B1CEF86D212E9E470097825B /* Products */,
				A094E71C5C0007D1C855D964 /* Pods */,
				38C07C942D0E2FCB622FA58E /* Frameworks */,
			);
			sourceTree = "<group>";
		};
		B1CEF86D212E9E470097825B /* Products */ = {
			isa = PBXGroup;
			children = (
				B1CEF86C212E9E470097825B /* MVPStudy.app */,
			);
			name = Products;
			sourceTree = "<group>";
		};
		B1CEF86E212E9E470097825B /* MVPStudy */ = {
			isa = PBXGroup;
			children = (
				B1CEF8B4212EA4D80097825B /* Classes */,
				B1CEF8B5212EA4D80097825B /* Common */,
				B1CEF885212EA4D80097825B /* Expand */,
				B1CEF8B2212EA4D80097825B /* Resources */,
				B1CEF8CA212EA4D80097825B /* Service */,
				B1CEF8CF212EA4D80097825B /* Vender */,
				B1CEF86F212E9E470097825B /* AppDelegate.h */,
				B1CEF870212E9E470097825B /* AppDelegate.m */,
				B1CEF875212E9E470097825B /* Main.storyboard */,
				B1CEF878212E9E480097825B /* Assets.xcassets */,
				B1CEF87A212E9E480097825B /* LaunchScreen.storyboard */,
				B1CEF87D212E9E480097825B /* Info.plist */,
				B1CEF87E212E9E480097825B /* main.m */,
			);
			path = MVPStudy;
			sourceTree = "<group>";
		};
		B1CEF885212EA4D80097825B /* Expand */ = {
			isa = PBXGroup;
			children = (
				B1CEF886212EA4D80097825B /* Category */,
				B1CEF8A7212EA4D80097825B /* Addons */,
				B1CEF8AD212EA4D80097825B /* Macros */,
			);
			path = Expand;
			sourceTree = "<group>";
		};
		B1CEF886212EA4D80097825B /* Category */ = {
			isa = PBXGroup;
			children = (
				B1CEF887212EA4D80097825B /* UIButton+Spacing.m */,
				B1CEF888212EA4D80097825B /* NSObject+BOOLBanAllExpressions.h */,
				B1CEF889212EA4D80097825B /* UIViewController+HUD.m */,
				B1CEF88A212EA4D80097825B /* UIDevice+System.m */,
				B1CEF88B212EA4D80097825B /* UIViewController+Category.h */,
				B1CEF88C212EA4D80097825B /* UIColor+Hex.m */,
				B1CEF88D212EA4D80097825B /* UIColor+ImageAdditions.m */,
				B1CEF88E212EA4D80097825B /* UIView+Frame.m */,
				B1CEF890212EA4D80097825B /* UILabel+InitLabel.m */,
				B1CEF891212EA4D80097825B /* UIViewController+SelectImage.m */,
				B1CEF893212EA4D80097825B /* NSDictionary+Category.h */,
				B1CEF894212EA4D80097825B /* NSObject+SystemPermissions.h */,
				B1CEF895212EA4D80097825B /* UIImage+fixOrientation.h */,
				B1CEF896212EA4D80097825B /* UIViewController+BackButtonHandler.m */,
				B1CEF897212EA4D80097825B /* UIViewController+HUD.h */,
				B1CEF898212EA4D80097825B /* NSObject+BOOLBanAllExpressions.m */,
				B1CEF899212EA4D80097825B /* UIButton+Spacing.h */,
				B1CEF89A212EA4D80097825B /* UIColor+ImageAdditions.h */,
				B1CEF89B212EA4D80097825B /* UIColor+Hex.h */,
				B1CEF89C212EA4D80097825B /* UIViewController+Category.m */,
				B1CEF89D212EA4D80097825B /* UIDevice+System.h */,
				B1CEF89E212EA4D80097825B /* NSDictionary+Category.m */,
				B1CEF8A0212EA4D80097825B /* UIViewController+SelectImage.h */,
				B1CEF8A1212EA4D80097825B /* UILabel+InitLabel.h */,
				B1CEF8A3212EA4D80097825B /* UIView+Frame.h */,
				B1CEF8A4212EA4D80097825B /* UIViewController+BackButtonHandler.h */,
				B1CEF8A5212EA4D80097825B /* NSObject+SystemPermissions.m */,
				B1CEF8A6212EA4D80097825B /* UIImage+fixOrientation.m */,
			);
			path = Category;
			sourceTree = "<group>";
		};
		B1CEF8A7212EA4D80097825B /* Addons */ = {
			isa = PBXGroup;
			children = (
				B1CEF8A8212EA4D80097825B /* UIViewController+Swizzling.m */,
				B1CEF8A9212EA4D80097825B /* UIResponder+FirstResponder.m */,
				B1CEF8AA212EA4D80097825B /* UIResponder+FirstResponder.h */,
				B1CEF8AB212EA4D80097825B /* SwizzlingDefine.h */,
				B1CEF8AC212EA4D80097825B /* UIViewController+Swizzling.h */,
			);
			path = Addons;
			sourceTree = "<group>";
		};
		B1CEF8AD212EA4D80097825B /* Macros */ = {
			isa = PBXGroup;
			children = (
				B1CEF8AE212EA4D80097825B /* Config.h */,
				B1CEF8AF212EA4D80097825B /* HttpUrls.h */,
				B1CEF8B0212EA4D80097825B /* Customer-Prefix.pch */,
				B1CEF8B1212EA4D80097825B /* JFMacro.h */,
			);
			path = Macros;
			sourceTree = "<group>";
		};
		B1CEF8B2212EA4D80097825B /* Resources */ = {
			isa = PBXGroup;
			children = (
				B1CEF8B3212EA4D80097825B /* ImageResource.bundle */,
			);
			path = Resources;
			sourceTree = "<group>";
		};
		B1CEF8B4212EA4D80097825B /* Classes */ = {
			isa = PBXGroup;
			children = (
			);
			path = Classes;
			sourceTree = "<group>";
		};
		B1CEF8B5212EA4D80097825B /* Common */ = {
			isa = PBXGroup;
			children = (
				B1CEF8B6212EA4D80097825B /* WebViewController */,
				B1CEF8B9212EA4D80097825B /* CommonTableViewDelegate */,
				B1CEF8C2212EA4D80097825B /* CommonProtocol */,
				B1CEF8C7212EA4D80097825B /* View */,
			);
			path = Common;
			sourceTree = "<group>";
		};
		B1CEF8B6212EA4D80097825B /* WebViewController */ = {
			isa = PBXGroup;
			children = (
				B1CEF8B7212EA4D80097825B /* CommonWebViewController.m */,
				B1CEF8B8212EA4D80097825B /* CommonWebViewController.h */,
			);
			path = WebViewController;
			sourceTree = "<group>";
		};
		B1CEF8B9212EA4D80097825B /* CommonTableViewDelegate */ = {
			isa = PBXGroup;
			children = (
				B1CEF8BA212EA4D80097825B /* JFNetCommonTableData.h */,
				B1CEF8BB212EA4D80097825B /* JFCommonTableDelegate.m */,
				B1CEF8BC212EA4D80097825B /* JFCommonLocalTableData.m */,
				B1CEF8BD212EA4D80097825B /* JFEventModel.h */,
				B1CEF8BE212EA4D80097825B /* JFCommonLocalTableData.h */,
				B1CEF8BF212EA4D80097825B /* JFCommonTableDelegate.h */,
				B1CEF8C0212EA4D80097825B /* JFNetCommonTableData.m */,
				B1CEF8C1212EA4D80097825B /* JFEventModel.m */,
			);
			path = CommonTableViewDelegate;
			sourceTree = "<group>";
		};
		B1CEF8C2212EA4D80097825B /* CommonProtocol */ = {
			isa = PBXGroup;
			children = (
				B1CEF8C3212EA4D80097825B /* JFCommonViewController.h */,
				B1CEF8C4212EA4D80097825B /* JFCommonTableData.h */,
				B1CEF8C5212EA4D80097825B /* JFCommonViewModel.h */,
				B1CEF8C6212EA4D80097825B /* JFCommonTableViewCell.h */,
			);
			path = CommonProtocol;
			sourceTree = "<group>";
		};
		B1CEF8C7212EA4D80097825B /* View */ = {
			isa = PBXGroup;
			children = (
				B1CEF8C8212EA4D80097825B /* CommonTableViewCell.h */,
				B1CEF8C9212EA4D80097825B /* CommonTableViewCell.m */,
			);
			path = View;
			sourceTree = "<group>";
		};
		B1CEF8CA212EA4D80097825B /* Service */ = {
			isa = PBXGroup;
			children = (
				B1CEF8CB212EA4D80097825B /* NetWorkRequestManager.h */,
				B1CEF8CE212EA4D80097825B /* NetWorkRequestManager.m */,
				B1CEF8CC212EA4D80097825B /* RequestAPI.h */,
				B1CEF8CD212EA4D80097825B /* RequestAPI.m */,
			);
			path = Service;
			sourceTree = "<group>";
		};
		B1CEF8CF212EA4D80097825B /* Vender */ = {
			isa = PBXGroup;
			children = (
				B1CEF8D0212EA4D80097825B /* MMPopupView */,
				B1CEF8E0212EA4D80097825B /* SDCycleScrollView */,
				B1CEF8F0212EA4D80097825B /* AccountTool */,
			);
			path = Vender;
			sourceTree = "<group>";
		};
		B1CEF8D0212EA4D80097825B /* MMPopupView */ = {
			isa = PBXGroup;
			children = (
				B1CEF8D1212EA4D80097825B /* MMViewController.h */,
				B1CEF8D2212EA4D80097825B /* MMAlertView.m */,
				B1CEF8D3212EA4D80097825B /* MMSheetView.m */,
				B1CEF8D4212EA4D80097825B /* MMPopupView.h */,
				B1CEF8D5212EA4D80097825B /* MMPopupCategory.m */,
				B1CEF8D6212EA4D80097825B /* MMPopupItem.h */,
				B1CEF8D7212EA4D80097825B /* MMPopupWindow.m */,
				B1CEF8D8212EA4D80097825B /* MMViewController.m */,
				B1CEF8D9212EA4D80097825B /* MMSheetView.h */,
				B1CEF8DA212EA4D80097825B /* MMPopupDefine.h */,
				B1CEF8DB212EA4D80097825B /* MMAlertView.h */,
				B1CEF8DC212EA4D80097825B /* MMPopupView.m */,
				B1CEF8DD212EA4D80097825B /* MMPopupWindow.h */,
				B1CEF8DE212EA4D80097825B /* MMPopupCategory.h */,
				B1CEF8DF212EA4D80097825B /* MMPopupItem.m */,
			);
			path = MMPopupView;
			sourceTree = "<group>";
		};
		B1CEF8E0212EA4D80097825B /* SDCycleScrollView */ = {
			isa = PBXGroup;
			children = (
				B1CEF8E1212EA4D80097825B /* UIView+SDExtension.h */,
				B1CEF8E2212EA4D80097825B /* SDCycleScrollView.h */,
				B1CEF8E3212EA4D80097825B /* SDCollectionViewCell.h */,
				B1CEF8E4212EA4D80097825B /* SDCycleScrollView.m */,
				B1CEF8E5212EA4D80097825B /* UIView+SDExtension.m */,
				B1CEF8E6212EA4D80097825B /* SDCollectionViewCell.m */,
				B1CEF8E7212EA4D80097825B /* PageControl */,
			);
			path = SDCycleScrollView;
			sourceTree = "<group>";
		};
		B1CEF8E7212EA4D80097825B /* PageControl */ = {
			isa = PBXGroup;
			children = (
				B1CEF8E8212EA4D80097825B /* TAAbstractDotView.h */,
				B1CEF8E9212EA4D80097825B /* TADotView.m */,
				B1CEF8EA212EA4D80097825B /* TAPageControl.m */,
				B1CEF8EB212EA4D80097825B /* TAAnimatedDotView.m */,
				B1CEF8EC212EA4D80097825B /* TAAbstractDotView.m */,
				B1CEF8ED212EA4D80097825B /* TADotView.h */,
				B1CEF8EE212EA4D80097825B /* TAAnimatedDotView.h */,
				B1CEF8EF212EA4D80097825B /* TAPageControl.h */,
			);
			path = PageControl;
			sourceTree = "<group>";
		};
		B1CEF8F0212EA4D80097825B /* AccountTool */ = {
			isa = PBXGroup;
			children = (
				B1CEF8F1212EA4D80097825B /* AccountTool.h */,
				B1CEF8F2212EA4D80097825B /* AccountTool.m */,
			);
			path = AccountTool;
			sourceTree = "<group>";
		};
/* End PBXGroup section */

/* Begin PBXNativeTarget section */
		B1CEF86B212E9E470097825B /* MVPStudy */ = {
			isa = PBXNativeTarget;
			buildConfigurationList = B1CEF882212E9E480097825B /* Build configuration list for PBXNativeTarget "MVPStudy" */;
			buildPhases = (
				ABD9E553AA2B4D9A5D7F2398 /* [CP] Check Pods Manifest.lock */,
				B1CEF868212E9E470097825B /* Sources */,
				B1CEF869212E9E470097825B /* Frameworks */,
				B1CEF86A212E9E470097825B /* Resources */,
				E2089F9B95B7A57288C47F2E /* [CP] Embed Pods Frameworks */,
				7257B0B94C368B54AF36833C /* [CP] Copy Pods Resources */,
			);
			buildRules = (
			);
			dependencies = (
			);
			name = MVPStudy;
			productName = MVPStudy;
			productReference = B1CEF86C212E9E470097825B /* MVPStudy.app */;
			productType = "com.apple.product-type.application";
		};
/* End PBXNativeTarget section */

/* Begin PBXProject section */
		B1CEF864212E9E470097825B /* Project object */ = {
			isa = PBXProject;
			attributes = {
				LastUpgradeCheck = 0940;
				ORGANIZATIONNAME = JF;
				TargetAttributes = {
					B1CEF86B212E9E470097825B = {
						CreatedOnToolsVersion = 9.4;
					};
				};
			};
			buildConfigurationList = B1CEF867212E9E470097825B /* Build configuration list for PBXProject "MVPStudy" */;
			compatibilityVersion = "Xcode 9.3";
			developmentRegion = en;
			hasScannedForEncodings = 0;
			knownRegions = (
				en,
				Base,
			);
			mainGroup = B1CEF863212E9E470097825B;
			productRefGroup = B1CEF86D212E9E470097825B /* Products */;
			projectDirPath = "";
			projectRoot = "";
			targets = (
				B1CEF86B212E9E470097825B /* MVPStudy */,
			);
		};
/* End PBXProject section */

/* Begin PBXResourcesBuildPhase section */
		B1CEF86A212E9E470097825B /* Resources */ = {
			isa = PBXResourcesBuildPhase;
			buildActionMask = 2147483647;
			files = (
				B1CEF87C212E9E480097825B /* LaunchScreen.storyboard in Resources */,
				B1CEF879212E9E480097825B /* Assets.xcassets in Resources */,
				B1CEF877212E9E470097825B /* Main.storyboard in Resources */,
				B1CEF905212EA4D90097825B /* ImageResource.bundle in Resources */,
			);
			runOnlyForDeploymentPostprocessing = 0;
		};
/* End PBXResourcesBuildPhase section */

/* Begin PBXShellScriptBuildPhase section */
		7257B0B94C368B54AF36833C /* [CP] Copy Pods Resources */ = {
			isa = PBXShellScriptBuildPhase;
			buildActionMask = 2147483647;
			files = (
			);
			inputPaths = (
				"${SRCROOT}/Pods/Target Support Files/Pods-MVPStudy/Pods-MVPStudy-resources.sh",
				"${PODS_ROOT}/AVOSCloud/AVOS/AVOSCloud/AVOSCloud_Art.inc",
				"${PODS_ROOT}/IQKeyboardManager/IQKeyboardManager/Resources/IQKeyboardManager.bundle",
				"${PODS_ROOT}/MJRefresh/MJRefresh/MJRefresh.bundle",
				"${PODS_ROOT}/TZImagePickerController/TZImagePickerController/TZImagePickerController/TZImagePickerController.bundle",
			);
			name = "[CP] Copy Pods Resources";
			outputPaths = (
				"${TARGET_BUILD_DIR}/${UNLOCALIZED_RESOURCES_FOLDER_PATH}/AVOSCloud_Art.inc",
				"${TARGET_BUILD_DIR}/${UNLOCALIZED_RESOURCES_FOLDER_PATH}/IQKeyboardManager.bundle",
				"${TARGET_BUILD_DIR}/${UNLOCALIZED_RESOURCES_FOLDER_PATH}/MJRefresh.bundle",
				"${TARGET_BUILD_DIR}/${UNLOCALIZED_RESOURCES_FOLDER_PATH}/TZImagePickerController.bundle",
			);
			runOnlyForDeploymentPostprocessing = 0;
			shellPath = /bin/sh;
			shellScript = "\"${SRCROOT}/Pods/Target Support Files/Pods-MVPStudy/Pods-MVPStudy-resources.sh\"\n";
			showEnvVarsInLog = 0;
		};
		ABD9E553AA2B4D9A5D7F2398 /* [CP] Check Pods Manifest.lock */ = {
			isa = PBXShellScriptBuildPhase;
			buildActionMask = 2147483647;
			files = (
			);
			inputPaths = (
				"${PODS_PODFILE_DIR_PATH}/Podfile.lock",
				"${PODS_ROOT}/Manifest.lock",
			);
			name = "[CP] Check Pods Manifest.lock";
			outputPaths = (
				"$(DERIVED_FILE_DIR)/Pods-MVPStudy-checkManifestLockResult.txt",
			);
			runOnlyForDeploymentPostprocessing = 0;
			shellPath = /bin/sh;
			shellScript = "diff \"${PODS_PODFILE_DIR_PATH}/Podfile.lock\" \"${PODS_ROOT}/Manifest.lock\" > /dev/null\nif [ $? != 0 ] ; then\n    # print error to STDERR\n    echo \"error: The sandbox is not in sync with the Podfile.lock. Run 'pod install' or update your CocoaPods installation.\" >&2\n    exit 1\nfi\n# This output is used by Xcode 'outputs' to avoid re-running this script phase.\necho \"SUCCESS\" > \"${SCRIPT_OUTPUT_FILE_0}\"\n";
			showEnvVarsInLog = 0;
		};
		E2089F9B95B7A57288C47F2E /* [CP] Embed Pods Frameworks */ = {
			isa = PBXShellScriptBuildPhase;
			buildActionMask = 2147483647;
			files = (
			);
			inputPaths = (
				"${SRCROOT}/Pods/Target Support Files/Pods-MVPStudy/Pods-MVPStudy-frameworks.sh",
				"${PODS_ROOT}/Reveal-SDK/RevealServer-17/iOS/RevealServer.framework",
			);
			name = "[CP] Embed Pods Frameworks";
			outputPaths = (
				"${TARGET_BUILD_DIR}/${FRAMEWORKS_FOLDER_PATH}/RevealServer.framework",
			);
			runOnlyForDeploymentPostprocessing = 0;
			shellPath = /bin/sh;
			shellScript = "\"${SRCROOT}/Pods/Target Support Files/Pods-MVPStudy/Pods-MVPStudy-frameworks.sh\"\n";
			showEnvVarsInLog = 0;
		};
/* End PBXShellScriptBuildPhase section */

/* Begin PBXSourcesBuildPhase section */
		B1CEF868212E9E470097825B /* Sources */ = {
			isa = PBXSourcesBuildPhase;
			buildActionMask = 2147483647;
			files = (
				B1CEF90D212EA4D90097825B /* NetWorkRequestManager.m in Sources */,
				B1CEF918212EA4D90097825B /* TADotView.m in Sources */,
				B1CEF8FE212EA4D90097825B /* UIViewController+Category.m in Sources */,
				B1CEF8F8212EA4D90097825B /* UIView+Frame.m in Sources */,
				B1CEF87F212E9E480097825B /* main.m in Sources */,
				B1CEF90F212EA4D90097825B /* MMSheetView.m in Sources */,
				B1CEF903212EA4D90097825B /* UIViewController+Swizzling.m in Sources */,
				B1CEF8F6212EA4D90097825B /* UIColor+Hex.m in Sources */,
				B1CEF91A212EA4D90097825B /* TAAnimatedDotView.m in Sources */,
				B1CEF8F7212EA4D90097825B /* UIColor+ImageAdditions.m in Sources */,
				B1CEF8FB212EA4D90097825B /* UIViewController+SelectImage.m in Sources */,
				B1CEF917212EA4D90097825B /* SDCollectionViewCell.m in Sources */,
				B1CEF902212EA4D90097825B /* UIImage+fixOrientation.m in Sources */,
				B1CEF8F3212EA4D90097825B /* UIButton+Spacing.m in Sources */,
				B1CEF90C212EA4D90097825B /* RequestAPI.m in Sources */,
				B1CEF901212EA4D90097825B /* NSObject+SystemPermissions.m in Sources */,
				B1CEF909212EA4D90097825B /* JFNetCommonTableData.m in Sources */,
				B1CEF91C212EA4D90097825B /* AccountTool.m in Sources */,
				B1CEF90B212EA4D90097825B /* CommonTableViewCell.m in Sources */,
				B1CEF912212EA4D90097825B /* MMViewController.m in Sources */,
				B1CEF911212EA4D90097825B /* MMPopupWindow.m in Sources */,
				B1CEF8F4212EA4D90097825B /* UIViewController+HUD.m in Sources */,
				B1CEF871212E9E470097825B /* AppDelegate.m in Sources */,
				B1CEF8FF212EA4D90097825B /* NSDictionary+Category.m in Sources */,
				B1CEF90A212EA4D90097825B /* JFEventModel.m in Sources */,
				B1CEF8FD212EA4D90097825B /* NSObject+BOOLBanAllExpressions.m in Sources */,
				B1CEF906212EA4D90097825B /* CommonWebViewController.m in Sources */,
				B1CEF904212EA4D90097825B /* UIResponder+FirstResponder.m in Sources */,
				B1CEF8F5212EA4D90097825B /* UIDevice+System.m in Sources */,
				B1CEF916212EA4D90097825B /* UIView+SDExtension.m in Sources */,
				B1CEF91B212EA4D90097825B /* TAAbstractDotView.m in Sources */,
				B1CEF90E212EA4D90097825B /* MMAlertView.m in Sources */,
				B1CEF908212EA4D90097825B /* JFCommonLocalTableData.m in Sources */,
				B1CEF910212EA4D90097825B /* MMPopupCategory.m in Sources */,
				B1CEF8FC212EA4D90097825B /* UIViewController+BackButtonHandler.m in Sources */,
				B1CEF915212EA4D90097825B /* SDCycleScrollView.m in Sources */,
				B1CEF913212EA4D90097825B /* MMPopupView.m in Sources */,
				B1CEF914212EA4D90097825B /* MMPopupItem.m in Sources */,
				B1CEF919212EA4D90097825B /* TAPageControl.m in Sources */,
				B1CEF907212EA4D90097825B /* JFCommonTableDelegate.m in Sources */,
				B1CEF8FA212EA4D90097825B /* UILabel+InitLabel.m in Sources */,
			);
			runOnlyForDeploymentPostprocessing = 0;
		};
/* End PBXSourcesBuildPhase section */

/* Begin PBXVariantGroup section */
		B1CEF875212E9E470097825B /* Main.storyboard */ = {
			isa = PBXVariantGroup;
			children = (
				B1CEF876212E9E470097825B /* Base */,
			);
			name = Main.storyboard;
			sourceTree = "<group>";
		};
		B1CEF87A212E9E480097825B /* LaunchScreen.storyboard */ = {
			isa = PBXVariantGroup;
			children = (
				B1CEF87B212E9E480097825B /* Base */,
			);
			name = LaunchScreen.storyboard;
			sourceTree = "<group>";
		};
/* End PBXVariantGroup section */

/* Begin XCBuildConfiguration section */
		B1CEF880212E9E480097825B /* Debug */ = {
			isa = XCBuildConfiguration;
			buildSettings = {
				ALWAYS_SEARCH_USER_PATHS = NO;
				CLANG_ANALYZER_NONNULL = YES;
				CLANG_ANALYZER_NUMBER_OBJECT_CONVERSION = YES_AGGRESSIVE;
				CLANG_CXX_LANGUAGE_STANDARD = "gnu++14";
				CLANG_CXX_LIBRARY = "libc++";
				CLANG_ENABLE_MODULES = YES;
				CLANG_ENABLE_OBJC_ARC = YES;
				CLANG_ENABLE_OBJC_WEAK = YES;
				CLANG_WARN_BLOCK_CAPTURE_AUTORELEASING = YES;
				CLANG_WARN_BOOL_CONVERSION = YES;
				CLANG_WARN_COMMA = YES;
				CLANG_WARN_CONSTANT_CONVERSION = YES;
				CLANG_WARN_DEPRECATED_OBJC_IMPLEMENTATIONS = YES;
				CLANG_WARN_DIRECT_OBJC_ISA_USAGE = YES_ERROR;
				CLANG_WARN_DOCUMENTATION_COMMENTS = YES;
				CLANG_WARN_EMPTY_BODY = YES;
				CLANG_WARN_ENUM_CONVERSION = YES;
				CLANG_WARN_INFINITE_RECURSION = YES;
				CLANG_WARN_INT_CONVERSION = YES;
				CLANG_WARN_NON_LITERAL_NULL_CONVERSION = YES;
				CLANG_WARN_OBJC_IMPLICIT_RETAIN_SELF = YES;
				CLANG_WARN_OBJC_LITERAL_CONVERSION = YES;
				CLANG_WARN_OBJC_ROOT_CLASS = YES_ERROR;
				CLANG_WARN_RANGE_LOOP_ANALYSIS = YES;
				CLANG_WARN_STRICT_PROTOTYPES = YES;
				CLANG_WARN_SUSPICIOUS_MOVE = YES;
				CLANG_WARN_UNGUARDED_AVAILABILITY = YES_AGGRESSIVE;
				CLANG_WARN_UNREACHABLE_CODE = YES;
				CLANG_WARN__DUPLICATE_METHOD_MATCH = YES;
				CODE_SIGN_IDENTITY = "iPhone Developer";
				COPY_PHASE_STRIP = NO;
				DEBUG_INFORMATION_FORMAT = dwarf;
				ENABLE_STRICT_OBJC_MSGSEND = YES;
				ENABLE_TESTABILITY = YES;
				GCC_C_LANGUAGE_STANDARD = gnu11;
				GCC_DYNAMIC_NO_PIC = NO;
				GCC_NO_COMMON_BLOCKS = YES;
				GCC_OPTIMIZATION_LEVEL = 0;
				GCC_PREPROCESSOR_DEFINITIONS = (
					"DEBUG=1",
					"$(inherited)",
				);
				GCC_WARN_64_TO_32_BIT_CONVERSION = YES;
				GCC_WARN_ABOUT_RETURN_TYPE = YES_ERROR;
				GCC_WARN_UNDECLARED_SELECTOR = YES;
				GCC_WARN_UNINITIALIZED_AUTOS = YES_AGGRESSIVE;
				GCC_WARN_UNUSED_FUNCTION = YES;
				GCC_WARN_UNUSED_VARIABLE = YES;
				IPHONEOS_DEPLOYMENT_TARGET = 9.0;
				MTL_ENABLE_DEBUG_INFO = YES;
				ONLY_ACTIVE_ARCH = YES;
				SDKROOT = iphoneos;
			};
			name = Debug;
		};
		B1CEF881212E9E480097825B /* Release */ = {
			isa = XCBuildConfiguration;
			buildSettings = {
				ALWAYS_SEARCH_USER_PATHS = NO;
				CLANG_ANALYZER_NONNULL = YES;
				CLANG_ANALYZER_NUMBER_OBJECT_CONVERSION = YES_AGGRESSIVE;
				CLANG_CXX_LANGUAGE_STANDARD = "gnu++14";
				CLANG_CXX_LIBRARY = "libc++";
				CLANG_ENABLE_MODULES = YES;
				CLANG_ENABLE_OBJC_ARC = YES;
				CLANG_ENABLE_OBJC_WEAK = YES;
				CLANG_WARN_BLOCK_CAPTURE_AUTORELEASING = YES;
				CLANG_WARN_BOOL_CONVERSION = YES;
				CLANG_WARN_COMMA = YES;
				CLANG_WARN_CONSTANT_CONVERSION = YES;
				CLANG_WARN_DEPRECATED_OBJC_IMPLEMENTATIONS = YES;
				CLANG_WARN_DIRECT_OBJC_ISA_USAGE = YES_ERROR;
				CLANG_WARN_DOCUMENTATION_COMMENTS = YES;
				CLANG_WARN_EMPTY_BODY = YES;
				CLANG_WARN_ENUM_CONVERSION = YES;
				CLANG_WARN_INFINITE_RECURSION = YES;
				CLANG_WARN_INT_CONVERSION = YES;
				CLANG_WARN_NON_LITERAL_NULL_CONVERSION = YES;
				CLANG_WARN_OBJC_IMPLICIT_RETAIN_SELF = YES;
				CLANG_WARN_OBJC_LITERAL_CONVERSION = YES;
				CLANG_WARN_OBJC_ROOT_CLASS = YES_ERROR;
				CLANG_WARN_RANGE_LOOP_ANALYSIS = YES;
				CLANG_WARN_STRICT_PROTOTYPES = YES;
				CLANG_WARN_SUSPICIOUS_MOVE = YES;
				CLANG_WARN_UNGUARDED_AVAILABILITY = YES_AGGRESSIVE;
				CLANG_WARN_UNREACHABLE_CODE = YES;
				CLANG_WARN__DUPLICATE_METHOD_MATCH = YES;
				CODE_SIGN_IDENTITY = "iPhone Developer";
				COPY_PHASE_STRIP = NO;
				DEBUG_INFORMATION_FORMAT = "dwarf-with-dsym";
				ENABLE_NS_ASSERTIONS = NO;
				ENABLE_STRICT_OBJC_MSGSEND = YES;
				GCC_C_LANGUAGE_STANDARD = gnu11;
				GCC_NO_COMMON_BLOCKS = YES;
				GCC_WARN_64_TO_32_BIT_CONVERSION = YES;
				GCC_WARN_ABOUT_RETURN_TYPE = YES_ERROR;
				GCC_WARN_UNDECLARED_SELECTOR = YES;
				GCC_WARN_UNINITIALIZED_AUTOS = YES_AGGRESSIVE;
				GCC_WARN_UNUSED_FUNCTION = YES;
				GCC_WARN_UNUSED_VARIABLE = YES;
				IPHONEOS_DEPLOYMENT_TARGET = 9.0;
				MTL_ENABLE_DEBUG_INFO = NO;
				SDKROOT = iphoneos;
				VALIDATE_PRODUCT = YES;
			};
			name = Release;
		};
		B1CEF883212E9E480097825B /* Debug */ = {
			isa = XCBuildConfiguration;
			baseConfigurationReference = D77B2C613E0CE2A872076E2C /* Pods-MVPStudy.debug.xcconfig */;
			buildSettings = {
				ASSETCATALOG_COMPILER_APPICON_NAME = AppIcon;
				ASSETCATALOG_COMPILER_LAUNCHIMAGE_NAME = LaunchImage;
				CODE_SIGN_STYLE = Automatic;
				DEVELOPMENT_TEAM = SYFZ8JNW9W;
				GCC_PREFIX_HEADER = "$(SRCROOT)/MVPStudy/Expand/Macros/Customer-Prefix.pch";
				INFOPLIST_FILE = MVPStudy/Info.plist;
				LD_RUNPATH_SEARCH_PATHS = (
					"$(inherited)",
					"@executable_path/Frameworks",
				);
				PRODUCT_BUNDLE_IDENTIFIER = JF.MVPStudy;
				PRODUCT_NAME = "$(TARGET_NAME)";
				TARGETED_DEVICE_FAMILY = 1;
			};
			name = Debug;
		};
		B1CEF884212E9E480097825B /* Release */ = {
			isa = XCBuildConfiguration;
			baseConfigurationReference = A88F7C9633E3FB3344ABAB38 /* Pods-MVPStudy.release.xcconfig */;
			buildSettings = {
				ASSETCATALOG_COMPILER_APPICON_NAME = AppIcon;
				ASSETCATALOG_COMPILER_LAUNCHIMAGE_NAME = LaunchImage;
				CODE_SIGN_STYLE = Automatic;
				DEVELOPMENT_TEAM = SYFZ8JNW9W;
				GCC_PREFIX_HEADER = "$(SRCROOT)/MVPStudy/Expand/Macros/Customer-Prefix.pch";
				INFOPLIST_FILE = MVPStudy/Info.plist;
				LD_RUNPATH_SEARCH_PATHS = (
					"$(inherited)",
					"@executable_path/Frameworks",
				);
				PRODUCT_BUNDLE_IDENTIFIER = JF.MVPStudy;
				PRODUCT_NAME = "$(TARGET_NAME)";
				TARGETED_DEVICE_FAMILY = 1;
			};
			name = Release;
		};
/* End XCBuildConfiguration section */

/* Begin XCConfigurationList section */
		B1CEF867212E9E470097825B /* Build configuration list for PBXProject "MVPStudy" */ = {
			isa = XCConfigurationList;
			buildConfigurations = (
				B1CEF880212E9E480097825B /* Debug */,
				B1CEF881212E9E480097825B /* Release */,
			);
			defaultConfigurationIsVisible = 0;
			defaultConfigurationName = Release;
		};
		B1CEF882212E9E480097825B /* Build configuration list for PBXNativeTarget "MVPStudy" */ = {
			isa = XCConfigurationList;
			buildConfigurations = (
				B1CEF883212E9E480097825B /* Debug */,
				B1CEF884212E9E480097825B /* Release */,
			);
			defaultConfigurationIsVisible = 0;
			defaultConfigurationName = Release;
		};
/* End XCConfigurationList section */
	};
	rootObject = B1CEF864212E9E470097825B /* Project object */;
}
